
Microsoft Visual Studio Solution File, Format Version 12.00
# Visual Studio Version 17
VisualStudioVersion = 17.7.34003.232
MinimumVisualStudioVersion = 10.0.40219.1
Project("{FAE04EC0-301F-11D3-BF4B-00C04F79EFBC}") = "Kisifolder", "Kisifolder\Kisifolder.csproj", "{2AC06D05-FAFF-4010-BA9A-937193FE57F5}"
EndProject
Global
	GlobalSection(SolutionConfigurationPlatforms) = preSolution
		Debug|Any CPU = Debug|Any CPU
		Release|Any CPU = Release|Any CPU
	EndGlobalSection
	GlobalSection(ProjectConfigurationPlatforms) = postSolution
		{2AC06D05-FAFF-4010-BA9A-937193FE57F5}.Debug|Any CPU.ActiveCfg = Debug|Any CPU
		{2AC06D05-FAFF-4010-BA9A-937193FE57F5}.Debug|Any CPU.Build.0 = Debug|Any CPU
		{2AC06D05-FAFF-4010-BA9A-937193FE57F5}.Release|Any CPU.ActiveCfg = Release|Any CPU
		{2AC06D05-FAFF-4010-BA9A-937193FE57F5}.Release|Any CPU.Build.0 = Release|Any CPU
	EndGlobalSection
	GlobalSection(SolutionProperties) = preSolution
		HideSolutionNode = FALSE
	EndGlobalSection
	GlobalSection(ExtensibilityGlobals) = postSolution
		SolutionGuid = {626ED868-44F4-4257-AECA-846D9BBDCB83}
	EndGlobalSection
EndGlobal
